
Microsoft Visual Studio Solution File, Format Version 12.00
# Visual Studio Version 17
VisualStudioVersion = 17.0.32014.148
MinimumVisualStudioVersion = 10.0.40219.1
Project("{FAE04EC0-301F-11D3-BF4B-00C04F79EFBC}") = "StringKataSix", "StringKataSix\StringKataSix.csproj", "{19B592FB-43ED-4B26-A3BA-3CEC877CDD4F}"
EndProject
Project("{FAE04EC0-301F-11D3-BF4B-00C04F79EFBC}") = "StringKataSixTest", "StringKataSixTest\StringKataSixTest.csproj", "{D9EF24A2-0F1F-4382-B05B-76A65BADBDBA}"
EndProject
Global
	GlobalSection(SolutionConfigurationPlatforms) = preSolution
		Debug|Any CPU = Debug|Any CPU
		Release|Any CPU = Release|Any CPU
	EndGlobalSection
	GlobalSection(ProjectConfigurationPlatforms) = postSolution
		{19B592FB-43ED-4B26-A3BA-3CEC877CDD4F}.Debug|Any CPU.ActiveCfg = Debug|Any CPU
		{19B592FB-43ED-4B26-A3BA-3CEC877CDD4F}.Debug|Any CPU.Build.0 = Debug|Any CPU
		{19B592FB-43ED-4B26-A3BA-3CEC877CDD4F}.Release|Any CPU.ActiveCfg = Release|Any CPU
		{19B592FB-43ED-4B26-A3BA-3CEC877CDD4F}.Release|Any CPU.Build.0 = Release|Any CPU
		{D9EF24A2-0F1F-4382-B05B-76A65BADBDBA}.Debug|Any CPU.ActiveCfg = Debug|Any CPU
		{D9EF24A2-0F1F-4382-B05B-76A65BADBDBA}.Debug|Any CPU.Build.0 = Debug|Any CPU
		{D9EF24A2-0F1F-4382-B05B-76A65BADBDBA}.Release|Any CPU.ActiveCfg = Release|Any CPU
		{D9EF24A2-0F1F-4382-B05B-76A65BADBDBA}.Release|Any CPU.Build.0 = Release|Any CPU
	EndGlobalSection
	GlobalSection(SolutionProperties) = preSolution
		HideSolutionNode = FALSE
	EndGlobalSection
	GlobalSection(ExtensibilityGlobals) = postSolution
		SolutionGuid = {8729B6B2-BA80-4809-92CE-34D906661A88}
	EndGlobalSection
EndGlobal
